
Microsoft Visual Studio Solution File, Format Version 12.00
Project("{2150E333-8FDC-42A3-9474-1A3956D46DE8}") = "src", "src", "{616A3F8E-7E6C-4391-9E97-14C4E80DF88D}"
EndProject
Project("{2150E333-8FDC-42A3-9474-1A3956D46DE8}") = "tests", "tests", "{75F8F997-C21A-4C1E-9674-5A92CC638373}"
EndProject
Project("{FAE04EC0-301F-11D3-BF4B-00C04F79EFBC}") = "Application", "Application\Application.csproj", "{ADC6B895-69EB-4729-BC55-8C82E11AAA6B}"
EndProject
Project("{FAE04EC0-301F-11D3-BF4B-00C04F79EFBC}") = "Domain", "Domain\Domain.csproj", "{CC6BE77B-8E0E-4E75-B370-E59716EBA0B2}"
EndProject
Project("{FAE04EC0-301F-11D3-BF4B-00C04F79EFBC}") = "Infrastructure", "Infrastructure\Infrastructure.csproj", "{A5BE7831-6631-4599-962D-1F3BF1B9E1E3}"
EndProject
Project("{FAE04EC0-301F-11D3-BF4B-00C04F79EFBC}") = "WebUI", "WebUI\WebUI.csproj", "{FA479D07-0233-4A23-B90B-AB52EDA64E88}"
EndProject
Project("{FAE04EC0-301F-11D3-BF4B-00C04F79EFBC}") = "tests.Application", "tests.Application\tests.Application.csproj", "{5A9F119E-140A-4581-B897-D67B152D5EB9}"
EndProject
Global
	GlobalSection(SolutionConfigurationPlatforms) = preSolution
		Debug|Any CPU = Debug|Any CPU
		Release|Any CPU = Release|Any CPU
	EndGlobalSection
	GlobalSection(NestedProjects) = preSolution
		{ADC6B895-69EB-4729-BC55-8C82E11AAA6B} = {616A3F8E-7E6C-4391-9E97-14C4E80DF88D}
		{CC6BE77B-8E0E-4E75-B370-E59716EBA0B2} = {616A3F8E-7E6C-4391-9E97-14C4E80DF88D}
		{A5BE7831-6631-4599-962D-1F3BF1B9E1E3} = {616A3F8E-7E6C-4391-9E97-14C4E80DF88D}
		{FA479D07-0233-4A23-B90B-AB52EDA64E88} = {616A3F8E-7E6C-4391-9E97-14C4E80DF88D}
		{5A9F119E-140A-4581-B897-D67B152D5EB9} = {75F8F997-C21A-4C1E-9674-5A92CC638373}
	EndGlobalSection
	GlobalSection(ProjectConfigurationPlatforms) = postSolution
		{ADC6B895-69EB-4729-BC55-8C82E11AAA6B}.Debug|Any CPU.ActiveCfg = Debug|Any CPU
		{ADC6B895-69EB-4729-BC55-8C82E11AAA6B}.Debug|Any CPU.Build.0 = Debug|Any CPU
		{ADC6B895-69EB-4729-BC55-8C82E11AAA6B}.Release|Any CPU.ActiveCfg = Release|Any CPU
		{ADC6B895-69EB-4729-BC55-8C82E11AAA6B}.Release|Any CPU.Build.0 = Release|Any CPU
		{CC6BE77B-8E0E-4E75-B370-E59716EBA0B2}.Debug|Any CPU.ActiveCfg = Debug|Any CPU
		{CC6BE77B-8E0E-4E75-B370-E59716EBA0B2}.Debug|Any CPU.Build.0 = Debug|Any CPU
		{CC6BE77B-8E0E-4E75-B370-E59716EBA0B2}.Release|Any CPU.ActiveCfg = Release|Any CPU
		{CC6BE77B-8E0E-4E75-B370-E59716EBA0B2}.Release|Any CPU.Build.0 = Release|Any CPU
		{A5BE7831-6631-4599-962D-1F3BF1B9E1E3}.Debug|Any CPU.ActiveCfg = Debug|Any CPU
		{A5BE7831-6631-4599-962D-1F3BF1B9E1E3}.Debug|Any CPU.Build.0 = Debug|Any CPU
		{A5BE7831-6631-4599-962D-1F3BF1B9E1E3}.Release|Any CPU.ActiveCfg = Release|Any CPU
		{A5BE7831-6631-4599-962D-1F3BF1B9E1E3}.Release|Any CPU.Build.0 = Release|Any CPU
		{FA479D07-0233-4A23-B90B-AB52EDA64E88}.Debug|Any CPU.ActiveCfg = Debug|Any CPU
		{FA479D07-0233-4A23-B90B-AB52EDA64E88}.Debug|Any CPU.Build.0 = Debug|Any CPU
		{FA479D07-0233-4A23-B90B-AB52EDA64E88}.Release|Any CPU.ActiveCfg = Release|Any CPU
		{FA479D07-0233-4A23-B90B-AB52EDA64E88}.Release|Any CPU.Build.0 = Release|Any CPU
		{5A9F119E-140A-4581-B897-D67B152D5EB9}.Debug|Any CPU.ActiveCfg = Debug|Any CPU
		{5A9F119E-140A-4581-B897-D67B152D5EB9}.Debug|Any CPU.Build.0 = Debug|Any CPU
		{5A9F119E-140A-4581-B897-D67B152D5EB9}.Release|Any CPU.ActiveCfg = Release|Any CPU
		{5A9F119E-140A-4581-B897-D67B152D5EB9}.Release|Any CPU.Build.0 = Release|Any CPU
	EndGlobalSection
EndGlobal
